
Microsoft Visual Studio Solution File, Format Version 12.00
# Visual Studio 2013
VisualStudioVersion = 12.0.20617.1 PREVIEW
MinimumVisualStudioVersion = 10.0.40219.1
Project("{FAE04EC0-301F-11D3-BF4B-00C04F79EFBC}") = "Hello", "Hello\Hello.csproj", "{C90F501F-6E00-40E9-BAAF-B5F2BFFD7A99}"
EndProject
Project("{FAE04EC0-301F-11D3-BF4B-00C04F79EFBC}") = "Assembly", "Assembly\Assembly.csproj", "{A434C2D1-953B-41D0-A1FB-CC224F146B98}"
EndProject
Project("{FAE04EC0-301F-11D3-BF4B-00C04F79EFBC}") = "Events", "Events\Events.csproj", "{70401294-F77F-499C-AD6F-D0475687CE07}"
EndProject
Global
	GlobalSection(SolutionConfigurationPlatforms) = preSolution
		Debug|Any CPU = Debug|Any CPU
		Release|Any CPU = Release|Any CPU
	EndGlobalSection
	GlobalSection(ProjectConfigurationPlatforms) = postSolution
		{C90F501F-6E00-40E9-BAAF-B5F2BFFD7A99}.Debug|Any CPU.ActiveCfg = Debug|Any CPU
		{C90F501F-6E00-40E9-BAAF-B5F2BFFD7A99}.Debug|Any CPU.Build.0 = Debug|Any CPU
		{C90F501F-6E00-40E9-BAAF-B5F2BFFD7A99}.Release|Any CPU.ActiveCfg = Release|Any CPU
		{C90F501F-6E00-40E9-BAAF-B5F2BFFD7A99}.Release|Any CPU.Build.0 = Release|Any CPU
		{A434C2D1-953B-41D0-A1FB-CC224F146B98}.Debug|Any CPU.ActiveCfg = Debug|Any CPU
		{A434C2D1-953B-41D0-A1FB-CC224F146B98}.Debug|Any CPU.Build.0 = Debug|Any CPU
		{A434C2D1-953B-41D0-A1FB-CC224F146B98}.Release|Any CPU.ActiveCfg = Release|Any CPU
		{A434C2D1-953B-41D0-A1FB-CC224F146B98}.Release|Any CPU.Build.0 = Release|Any CPU
		{70401294-F77F-499C-AD6F-D0475687CE07}.Debug|Any CPU.ActiveCfg = Debug|Any CPU
		{70401294-F77F-499C-AD6F-D0475687CE07}.Debug|Any CPU.Build.0 = Debug|Any CPU
		{70401294-F77F-499C-AD6F-D0475687CE07}.Release|Any CPU.ActiveCfg = Release|Any CPU
		{70401294-F77F-499C-AD6F-D0475687CE07}.Release|Any CPU.Build.0 = Release|Any CPU
	EndGlobalSection
	GlobalSection(SolutionProperties) = preSolution
		HideSolutionNode = FALSE
	EndGlobalSection
EndGlobal
