
Microsoft Visual Studio Solution File, Format Version 12.00
# Visual Studio 2013
VisualStudioVersion = 12.0.20617.1 PREVIEW
MinimumVisualStudioVersion = 10.0.40219.1
Project("{FAE04EC0-301F-11D3-BF4B-00C04F79EFBC}") = "01.WFRandom", "01.WFRandom\01.WFRandom.csproj", "{9E278A09-8750-439F-AE3F-01BC4D686851}"
EndProject
Project("{FAE04EC0-301F-11D3-BF4B-00C04F79EFBC}") = "02.WFRandomRe", "02.WFRandomRe\02.WFRandomRe.csproj", "{6466ADE5-B127-4E8D-AC75-0C0ED15F97FF}"
EndProject
Project("{FAE04EC0-301F-11D3-BF4B-00C04F79EFBC}") = "03.Panel", "03.Panel\03.Panel.csproj", "{F1F78F0D-2FB0-4516-BE21-222BA23022BE}"
EndProject
Project("{FAE04EC0-301F-11D3-BF4B-00C04F79EFBC}") = "04.Register", "04.Register\04.Register.csproj", "{6D5816EA-5AA7-46FF-8F2E-82810F466C8C}"
EndProject
Project("{FAE04EC0-301F-11D3-BF4B-00C04F79EFBC}") = "06.Calculator", "06.Calculator\06.Calculator.csproj", "{F969D827-8C83-4B4E-ACFE-8C4A757F671E}"
EndProject
Global
	GlobalSection(SolutionConfigurationPlatforms) = preSolution
		Debug|Any CPU = Debug|Any CPU
		Release|Any CPU = Release|Any CPU
	EndGlobalSection
	GlobalSection(ProjectConfigurationPlatforms) = postSolution
		{9E278A09-8750-439F-AE3F-01BC4D686851}.Debug|Any CPU.ActiveCfg = Debug|Any CPU
		{9E278A09-8750-439F-AE3F-01BC4D686851}.Debug|Any CPU.Build.0 = Debug|Any CPU
		{9E278A09-8750-439F-AE3F-01BC4D686851}.Release|Any CPU.ActiveCfg = Release|Any CPU
		{9E278A09-8750-439F-AE3F-01BC4D686851}.Release|Any CPU.Build.0 = Release|Any CPU
		{6466ADE5-B127-4E8D-AC75-0C0ED15F97FF}.Debug|Any CPU.ActiveCfg = Debug|Any CPU
		{6466ADE5-B127-4E8D-AC75-0C0ED15F97FF}.Debug|Any CPU.Build.0 = Debug|Any CPU
		{6466ADE5-B127-4E8D-AC75-0C0ED15F97FF}.Release|Any CPU.ActiveCfg = Release|Any CPU
		{6466ADE5-B127-4E8D-AC75-0C0ED15F97FF}.Release|Any CPU.Build.0 = Release|Any CPU
		{F1F78F0D-2FB0-4516-BE21-222BA23022BE}.Debug|Any CPU.ActiveCfg = Debug|Any CPU
		{F1F78F0D-2FB0-4516-BE21-222BA23022BE}.Debug|Any CPU.Build.0 = Debug|Any CPU
		{F1F78F0D-2FB0-4516-BE21-222BA23022BE}.Release|Any CPU.ActiveCfg = Release|Any CPU
		{F1F78F0D-2FB0-4516-BE21-222BA23022BE}.Release|Any CPU.Build.0 = Release|Any CPU
		{6D5816EA-5AA7-46FF-8F2E-82810F466C8C}.Debug|Any CPU.ActiveCfg = Debug|Any CPU
		{6D5816EA-5AA7-46FF-8F2E-82810F466C8C}.Debug|Any CPU.Build.0 = Debug|Any CPU
		{6D5816EA-5AA7-46FF-8F2E-82810F466C8C}.Release|Any CPU.ActiveCfg = Release|Any CPU
		{6D5816EA-5AA7-46FF-8F2E-82810F466C8C}.Release|Any CPU.Build.0 = Release|Any CPU
		{F969D827-8C83-4B4E-ACFE-8C4A757F671E}.Debug|Any CPU.ActiveCfg = Debug|Any CPU
		{F969D827-8C83-4B4E-ACFE-8C4A757F671E}.Debug|Any CPU.Build.0 = Debug|Any CPU
		{F969D827-8C83-4B4E-ACFE-8C4A757F671E}.Release|Any CPU.ActiveCfg = Release|Any CPU
		{F969D827-8C83-4B4E-ACFE-8C4A757F671E}.Release|Any CPU.Build.0 = Release|Any CPU
	EndGlobalSection
	GlobalSection(SolutionProperties) = preSolution
		HideSolutionNode = FALSE
	EndGlobalSection
EndGlobal
